
Microsoft Visual Studio Solution File, Format Version 12.00
# Visual Studio for Mac
Project("{FAE04EC0-301F-11D3-BF4B-00C04F79EFBC}") = "BackToTheFuture", "Assembly-CSharp.csproj", "{DA08B7D4-D484-8A81-BE98-0F780B66F83D}"
EndProject
Global
	GlobalSection(SolutionConfigurationPlatforms) = preSolution
		Debug|Any CPU = Debug|Any CPU
		Release|Any CPU = Release|Any CPU
	EndGlobalSection
	GlobalSection(ProjectConfigurationPlatforms) = postSolution
		{DA08B7D4-D484-8A81-BE98-0F780B66F83D}.Debug|Any CPU.ActiveCfg = Debug|Any CPU
		{DA08B7D4-D484-8A81-BE98-0F780B66F83D}.Debug|Any CPU.Build.0 = Debug|Any CPU
		{DA08B7D4-D484-8A81-BE98-0F780B66F83D}.Release|Any CPU.ActiveCfg = Release|Any CPU
		{DA08B7D4-D484-8A81-BE98-0F780B66F83D}.Release|Any CPU.Build.0 = Release|Any CPU
	EndGlobalSection
	GlobalSection(SolutionProperties) = preSolution
		HideSolutionNode = FALSE
	EndGlobalSection
EndGlobal
